
Microsoft Visual Studio Solution File, Format Version 12.00
# Visual Studio Version 16
VisualStudioVersion = 16.0.32602.291
MinimumVisualStudioVersion = 10.0.40219.1
Project("{FAE04EC0-301F-11D3-BF4B-00C04F79EFBC}") = "Ejercicio2DeFelipeTorres", "Ejercicio2DeFelipeTorres\Ejercicio2DeFelipeTorres.csproj", "{1E049CCE-7BD0-470E-B327-0A1D1C5EAA80}"
EndProject
Global
	GlobalSection(SolutionConfigurationPlatforms) = preSolution
		Debug|Any CPU = Debug|Any CPU
		Release|Any CPU = Release|Any CPU
	EndGlobalSection
	GlobalSection(ProjectConfigurationPlatforms) = postSolution
		{1E049CCE-7BD0-470E-B327-0A1D1C5EAA80}.Debug|Any CPU.ActiveCfg = Debug|Any CPU
		{1E049CCE-7BD0-470E-B327-0A1D1C5EAA80}.Debug|Any CPU.Build.0 = Debug|Any CPU
		{1E049CCE-7BD0-470E-B327-0A1D1C5EAA80}.Release|Any CPU.ActiveCfg = Release|Any CPU
		{1E049CCE-7BD0-470E-B327-0A1D1C5EAA80}.Release|Any CPU.Build.0 = Release|Any CPU
	EndGlobalSection
	GlobalSection(SolutionProperties) = preSolution
		HideSolutionNode = FALSE
	EndGlobalSection
	GlobalSection(ExtensibilityGlobals) = postSolution
		SolutionGuid = {E9CFC0AD-6602-4D3D-B2F9-DE1E50EE99A5}
	EndGlobalSection
EndGlobal
